
Microsoft Visual Studio Solution File, Format Version 12.00
# Visual Studio 14
VisualStudioVersion = 14.0.23107.0
MinimumVisualStudioVersion = 10.0.40219.1
Project("{FAE04EC0-301F-11D3-BF4B-00C04F79EFBC}") = "SocialNetwork", "SocialNetwork\SocialNetwork.csproj", "{04B6CFB1-A6D9-4294-BFB8-EC1083782A0C}"
EndProject
Project("{FAE04EC0-301F-11D3-BF4B-00C04F79EFBC}") = "SocialNetwork.Tests", "SocialNetwork.Tests\SocialNetwork.Tests.csproj", "{884CBFF8-A902-4FA1-9D2A-24B71EDBD237}"
EndProject
Global
	GlobalSection(SolutionConfigurationPlatforms) = preSolution
		Debug|Any CPU = Debug|Any CPU
		Release|Any CPU = Release|Any CPU
	EndGlobalSection
	GlobalSection(ProjectConfigurationPlatforms) = postSolution
		{04B6CFB1-A6D9-4294-BFB8-EC1083782A0C}.Debug|Any CPU.ActiveCfg = Debug|Any CPU
		{04B6CFB1-A6D9-4294-BFB8-EC1083782A0C}.Debug|Any CPU.Build.0 = Debug|Any CPU
		{04B6CFB1-A6D9-4294-BFB8-EC1083782A0C}.Release|Any CPU.ActiveCfg = Release|Any CPU
		{04B6CFB1-A6D9-4294-BFB8-EC1083782A0C}.Release|Any CPU.Build.0 = Release|Any CPU
		{884CBFF8-A902-4FA1-9D2A-24B71EDBD237}.Debug|Any CPU.ActiveCfg = Debug|Any CPU
		{884CBFF8-A902-4FA1-9D2A-24B71EDBD237}.Debug|Any CPU.Build.0 = Debug|Any CPU
		{884CBFF8-A902-4FA1-9D2A-24B71EDBD237}.Release|Any CPU.ActiveCfg = Release|Any CPU
		{884CBFF8-A902-4FA1-9D2A-24B71EDBD237}.Release|Any CPU.Build.0 = Release|Any CPU
	EndGlobalSection
	GlobalSection(SolutionProperties) = preSolution
		HideSolutionNode = FALSE
	EndGlobalSection
EndGlobal
